// !$*UTF8*$!
{
	archiveVersion = 1;
	classes = {
	};
	objectVersion = 46;
	objects = {

/* Begin PBXBuildFile section */
		268DBE911C22A5940053AF88 /* main.m in Sources */ = {isa = PBXBuildFile; fileRef = 268DBE901C22A5940053AF88 /* main.m */; };
		268DBE941C22A5940053AF88 /* AppDelegate.m in Sources */ = {isa = PBXBuildFile; fileRef = 268DBE931C22A5940053AF88 /* AppDelegate.m */; };
		268DBE971C22A5940053AF88 /* ViewController.m in Sources */ = {isa = PBXBuildFile; fileRef = 268DBE961C22A5940053AF88 /* ViewController.m */; };
		268DBE9A1C22A5940053AF88 /* Main.storyboard in Resources */ = {isa = PBXBuildFile; fileRef = 268DBE981C22A5940053AF88 /* Main.storyboard */; };
		268DBE9C1C22A5940053AF88 /* Assets.xcassets in Resources */ = {isa = PBXBuildFile; fileRef = 268DBE9B1C22A5940053AF88 /* Assets.xcassets */; };
		268DBE9F1C22A5940053AF88 /* LaunchScreen.storyboard in Resources */ = {isa = PBXBuildFile; fileRef = 268DBE9D1C22A5940053AF88 /* LaunchScreen.storyboard */; };
		268DBEAA1C22AB520053AF88 /* WHDataBaseCenter.m in Sources */ = {isa = PBXBuildFile; fileRef = 268DBEA71C22AB520053AF88 /* WHDataBaseCenter.m */; };
		268DBEAB1C22AB520053AF88 /* WHModel.m in Sources */ = {isa = PBXBuildFile; fileRef = 268DBEA91C22AB520053AF88 /* WHModel.m */; };
		9DD61FAA05A840394660C8A2 /* libPods.a in Frameworks */ = {isa = PBXBuildFile; fileRef = 36AF5737CCD12F3AE59767D7 /* libPods.a */; };
/* End PBXBuildFile section */

/* Begin PBXFileReference section */
		268DBE8C1C22A5940053AF88 /* FMDBTest.app */ = {isa = PBXFileReference; explicitFileType = wrapper.application; includeInIndex = 0; path = FMDBTest.app; sourceTree = BUILT_PRODUCTS_DIR; };
		268DBE901C22A5940053AF88 /* main.m */ = {isa = PBXFileReference; lastKnownFileType = sourcecode.c.objc; path = main.m; sourceTree = "<group>"; };
		268DBE921C22A5940053AF88 /* AppDelegate.h */ = {isa = PBXFileReference; lastKnownFileType = sourcecode.c.h; path = AppDelegate.h; sourceTree = "<group>"; };
		268DBE931C22A5940053AF88 /* AppDelegate.m */ = {isa = PBXFileReference; lastKnownFileType = sourcecode.c.objc; path = AppDelegate.m; sourceTree = "<group>"; };
		268DBE951C22A5940053AF88 /* ViewController.h */ = {isa = PBXFileReference; lastKnownFileType = sourcecode.c.h; path = ViewController.h; sourceTree = "<group>"; };
		268DBE961C22A5940053AF88 /* ViewController.m */ = {isa = PBXFileReference; lastKnownFileType = sourcecode.c.objc; path = ViewController.m; sourceTree = "<group>"; };
		268DBE991C22A5940053AF88 /* Base */ = {isa = PBXFileReference; lastKnownFileType = file.storyboard; name = Base; path = Base.lproj/Main.storyboard; sourceTree = "<group>"; };
		268DBE9B1C22A5940053AF88 /* Assets.xcassets */ = {isa = PBXFileReference; lastKnownFileType = folder.assetcatalog; path = Assets.xcassets; sourceTree = "<group>"; };
		268DBE9E1C22A5940053AF88 /* Base */ = {isa = PBXFileReference; lastKnownFileType = file.storyboard; name = Base; path = Base.lproj/LaunchScreen.storyboard; sourceTree = "<group>"; };
		268DBEA01C22A5940053AF88 /* Info.plist */ = {isa = PBXFileReference; lastKnownFileType = text.plist.xml; path = Info.plist; sourceTree = "<group>"; };
		268DBEA61C22AB520053AF88 /* WHDataBaseCenter.h */ = {isa = PBXFileReference; fileEncoding = 4; lastKnownFileType = sourcecode.c.h; path = WHDataBaseCenter.h; sourceTree = "<group>"; };
		268DBEA71C22AB520053AF88 /* WHDataBaseCenter.m */ = {isa = PBXFileReference; fileEncoding = 4; lastKnownFileType = sourcecode.c.objc; path = WHDataBaseCenter.m; sourceTree = "<group>"; };
		268DBEA81C22AB520053AF88 /* WHModel.h */ = {isa = PBXFileReference; fileEncoding = 4; lastKnownFileType = sourcecode.c.h; path = WHModel.h; sourceTree = "<group>"; };
		268DBEA91C22AB520053AF88 /* WHModel.m */ = {isa = PBXFileReference; fileEncoding = 4; lastKnownFileType = sourcecode.c.objc; path = WHModel.m; sourceTree = "<group>"; };
		36AF5737CCD12F3AE59767D7 /* libPods.a */ = {isa = PBXFileReference; explicitFileType = archive.ar; includeInIndex = 0; path = libPods.a; sourceTree = BUILT_PRODUCTS_DIR; };
		6F6B0FC5C8B1E156789FFE81 /* Pods.debug.xcconfig */ = {isa = PBXFileReference; includeInIndex = 1; lastKnownFileType = text.xcconfig; name = Pods.debug.xcconfig; path = "Pods/Target Support Files/Pods/Pods.debug.xcconfig"; sourceTree = "<group>"; };
		CF021181823EB750229CADF9 /* Pods.release.xcconfig */ = {isa = PBXFileReference; includeInIndex = 1; lastKnownFileType = text.xcconfig; name = Pods.release.xcconfig; path = "Pods/Target Support Files/Pods/Pods.release.xcconfig"; sourceTree = "<group>"; };
/* End PBXFileReference section */

/* Begin PBXFrameworksBuildPhase section */
		268DBE891C22A5940053AF88 /* Frameworks */ = {
			isa = PBXFrameworksBuildPhase;
			buildActionMask = 2147483647;
			files = (
				9DD61FAA05A840394660C8A2 /* libPods.a in Frameworks */,
			);
			runOnlyForDeploymentPostprocessing = 0;
		};
/* End PBXFrameworksBuildPhase section */

/* Begin PBXGroup section */
		22174882595C9AF8C1AA5356 /* Frameworks */ = {
			isa = PBXGroup;
			children = (
				36AF5737CCD12F3AE59767D7 /* libPods.a */,
			);
			name = Frameworks;
			sourceTree = "<group>";
		};
		268DBE831C22A5940053AF88 = {
			isa = PBXGroup;
			children = (
				268DBE8E1C22A5940053AF88 /* FMDBTest */,
				268DBE8D1C22A5940053AF88 /* Products */,
				D29D901EB56E00A5EC60EE61 /* Pods */,
				22174882595C9AF8C1AA5356 /* Frameworks */,
			);
			sourceTree = "<group>";
		};
		268DBE8D1C22A5940053AF88 /* Products */ = {
			isa = PBXGroup;
			children = (
				268DBE8C1C22A5940053AF88 /* FMDBTest.app */,
			);
			name = Products;
			sourceTree = "<group>";
		};
		268DBE8E1C22A5940053AF88 /* FMDBTest */ = {
			isa = PBXGroup;
			children = (
				268DBE921C22A5940053AF88 /* AppDelegate.h */,
				268DBE931C22A5940053AF88 /* AppDelegate.m */,
				268DBE951C22A5940053AF88 /* ViewController.h */,
				268DBE961C22A5940053AF88 /* ViewController.m */,
				268DBEA61C22AB520053AF88 /* WHDataBaseCenter.h */,
				268DBEA71C22AB520053AF88 /* WHDataBaseCenter.m */,
				268DBEA81C22AB520053AF88 /* WHModel.h */,
				268DBEA91C22AB520053AF88 /* WHModel.m */,
				268DBE981C22A5940053AF88 /* Main.storyboard */,
				268DBE9B1C22A5940053AF88 /* Assets.xcassets */,
				268DBE9D1C22A5940053AF88 /* LaunchScreen.storyboard */,
				268DBEA01C22A5940053AF88 /* Info.plist */,
				268DBE8F1C22A5940053AF88 /* Supporting Files */,
			);
			path = FMDBTest;
			sourceTree = "<group>";
		};
		268DBE8F1C22A5940053AF88 /* Supporting Files */ = {
			isa = PBXGroup;
			children = (
				268DBE901C22A5940053AF88 /* main.m */,
			);
			name = "Supporting Files";
			sourceTree = "<group>";
		};
		D29D901EB56E00A5EC60EE61 /* Pods */ = {
			isa = PBXGroup;
			children = (
				6F6B0FC5C8B1E156789FFE81 /* Pods.debug.xcconfig */,
				CF021181823EB750229CADF9 /* Pods.release.xcconfig */,
			);
			name = Pods;
			sourceTree = "<group>";
		};
/* End PBXGroup section */

/* Begin PBXNativeTarget section */
		268DBE8B1C22A5940053AF88 /* FMDBTest */ = {
			isa = PBXNativeTarget;
			buildConfigurationList = 268DBEA31C22A5940053AF88 /* Build configuration list for PBXNativeTarget "FMDBTest" */;
			buildPhases = (
				1411B666E2AB79121F37A516 /* Check Pods Manifest.lock */,
				268DBE881C22A5940053AF88 /* Sources */,
				268DBE891C22A5940053AF88 /* Frameworks */,
				268DBE8A1C22A5940053AF88 /* Resources */,
				07F75BA3E05CAD46AED9AF2C /* Embed Pods Frameworks */,
				2F097E1D259CFE5A6941B49A /* Copy Pods Resources */,
			);
			buildRules = (
			);
			dependencies = (
			);
			name = FMDBTest;
			productName = FMDBTest;
			productReference = 268DBE8C1C22A5940053AF88 /* FMDBTest.app */;
			productType = "com.apple.product-type.application";
		};
/* End PBXNativeTarget section */

/* Begin PBXProject section */
		268DBE841C22A5940053AF88 /* Project object */ = {
			isa = PBXProject;
			attributes = {
				LastUpgradeCheck = 0720;
				ORGANIZATIONNAME = dengweihao;
				TargetAttributes = {
					268DBE8B1C22A5940053AF88 = {
						CreatedOnToolsVersion = 7.2;
					};
				};
			};
			buildConfigurationList = 268DBE871C22A5940053AF88 /* Build configuration list for PBXProject "FMDBTest" */;
			compatibilityVersion = "Xcode 3.2";
			developmentRegion = English;
			hasScannedForEncodings = 0;
			knownRegions = (
				en,
				Base,
			);
			mainGroup = 268DBE831C22A5940053AF88;
			productRefGroup = 268DBE8D1C22A5940053AF88 /* Products */;
			projectDirPath = "";
			projectRoot = "";
			targets = (
				268DBE8B1C22A5940053AF88 /* FMDBTest */,
			);
		};
/* End PBXProject section */

/* Begin PBXResourcesBuildPhase section */
		268DBE8A1C22A5940053AF88 /* Resources */ = {
			isa = PBXResourcesBuildPhase;
			buildActionMask = 2147483647;
			files = (
				268DBE9F1C22A5940053AF88 /* LaunchScreen.storyboard in Resources */,
				268DBE9C1C22A5940053AF88 /* Assets.xcassets in Resources */,
				268DBE9A1C22A5940053AF88 /* Main.storyboard in Resources */,
			);
			runOnlyForDeploymentPostprocessing = 0;
		};
/* End PBXResourcesBuildPhase section */

/* Begin PBXShellScriptBuildPhase section */
		07F75BA3E05CAD46AED9AF2C /* Embed Pods Frameworks */ = {
			isa = PBXShellScriptBuildPhase;
			buildActionMask = 2147483647;
			files = (
			);
			inputPaths = (
			);
			name = "Embed Pods Frameworks";
			outputPaths = (
			);
			runOnlyForDeploymentPostprocessing = 0;
			shellPath = /bin/sh;
			shellScript = "\"${SRCROOT}/Pods/Target Support Files/Pods/Pods-frameworks.sh\"\n";
			showEnvVarsInLog = 0;
		};
		1411B666E2AB79121F37A516 /* Check Pods Manifest.lock */ = {
			isa = PBXShellScriptBuildPhase;
			buildActionMask = 2147483647;
			files = (
			);
			inputPaths = (
			);
			name = "Check Pods Manifest.lock";
			outputPaths = (
			);
			runOnlyForDeploymentPostprocessing = 0;
			shellPath = /bin/sh;
			shellScript = "diff \"${PODS_ROOT}/../Podfile.lock\" \"${PODS_ROOT}/Manifest.lock\" > /dev/null\nif [[ $? != 0 ]] ; then\n    cat << EOM\nerror: The sandbox is not in sync with the Podfile.lock. Run 'pod install' or update your CocoaPods installation.\nEOM\n    exit 1\nfi\n";
			showEnvVarsInLog = 0;
		};
		2F097E1D259CFE5A6941B49A /* Copy Pods Resources */ = {
			isa = PBXShellScriptBuildPhase;
			buildActionMask = 2147483647;
			files = (
			);
			inputPaths = (
			);
			name = "Copy Pods Resources";
			outputPaths = (
			);
			runOnlyForDeploymentPostprocessing = 0;
			shellPath = /bin/sh;
			shellScript = "\"${SRCROOT}/Pods/Target Support Files/Pods/Pods-resources.sh\"\n";
			showEnvVarsInLog = 0;
		};
/* End PBXShellScriptBuildPhase section */

/* Begin PBXSourcesBuildPhase section */
		268DBE881C22A5940053AF88 /* Sources */ = {
			isa = PBXSourcesBuildPhase;
			buildActionMask = 2147483647;
			files = (
				268DBE971C22A5940053AF88 /* ViewController.m in Sources */,
				268DBEAB1C22AB520053AF88 /* WHModel.m in Sources */,
				268DBE941C22A5940053AF88 /* AppDelegate.m in Sources */,
				268DBEAA1C22AB520053AF88 /* WHDataBaseCenter.m in Sources */,
				268DBE911C22A5940053AF88 /* main.m in Sources */,
			);
			runOnlyForDeploymentPostprocessing = 0;
		};
/* End PBXSourcesBuildPhase section */

/* Begin PBXVariantGroup section */
		268DBE981C22A5940053AF88 /* Main.storyboard */ = {
			isa = PBXVariantGroup;
			children = (
				268DBE991C22A5940053AF88 /* Base */,
			);
			name = Main.storyboard;
			sourceTree = "<group>";
		};
		268DBE9D1C22A5940053AF88 /* LaunchScreen.storyboard */ = {
			isa = PBXVariantGroup;
			children = (
				268DBE9E1C22A5940053AF88 /* Base */,
			);
			name = LaunchScreen.storyboard;
			sourceTree = "<group>";
		};
/* End PBXVariantGroup section */

/* Begin XCBuildConfiguration section */
		268DBEA11C22A5940053AF88 /* Debug */ = {
			isa = XCBuildConfiguration;
			buildSettings = {
				ALWAYS_SEARCH_USER_PATHS = NO;
				CLANG_CXX_LANGUAGE_STANDARD = "gnu++0x";
				CLANG_CXX_LIBRARY = "libc++";
				CLANG_ENABLE_MODULES = YES;
				CLANG_ENABLE_OBJC_ARC = YES;
				CLANG_WARN_BOOL_CONVERSION = YES;
				CLANG_WARN_CONSTANT_CONVERSION = YES;
				CLANG_WARN_DIRECT_OBJC_ISA_USAGE = YES_ERROR;
				CLANG_WARN_EMPTY_BODY = YES;
				CLANG_WARN_ENUM_CONVERSION = YES;
				CLANG_WARN_INT_CONVERSION = YES;
				CLANG_WARN_OBJC_ROOT_CLASS = YES_ERROR;
				CLANG_WARN_UNREACHABLE_CODE = YES;
				CLANG_WARN__DUPLICATE_METHOD_MATCH = YES;
				"CODE_SIGN_IDENTITY[sdk=iphoneos*]" = "iPhone Developer";
				COPY_PHASE_STRIP = NO;
				DEBUG_INFORMATION_FORMAT = dwarf;
				ENABLE_STRICT_OBJC_MSGSEND = YES;
				ENABLE_TESTABILITY = YES;
				GCC_C_LANGUAGE_STANDARD = gnu99;
				GCC_DYNAMIC_NO_PIC = NO;
				GCC_NO_COMMON_BLOCKS = YES;
				GCC_OPTIMIZATION_LEVEL = 0;
				GCC_PREPROCESSOR_DEFINITIONS = (
					"DEBUG=1",
					"$(inherited)",
				);
				GCC_WARN_64_TO_32_BIT_CONVERSION = YES;
				GCC_WARN_ABOUT_RETURN_TYPE = YES_ERROR;
				GCC_WARN_UNDECLARED_SELECTOR = YES;
				GCC_WARN_UNINITIALIZED_AUTOS = YES_AGGRESSIVE;
				GCC_WARN_UNUSED_FUNCTION = YES;
				GCC_WARN_UNUSED_VARIABLE = YES;
				IPHONEOS_DEPLOYMENT_TARGET = 9.2;
				MTL_ENABLE_DEBUG_INFO = YES;
				ONLY_ACTIVE_ARCH = YES;
				SDKROOT = iphoneos;
			};
			name = Debug;
		};
		268DBEA21C22A5940053AF88 /* Release */ = {
			isa = XCBuildConfiguration;
			buildSettings = {
				ALWAYS_SEARCH_USER_PATHS = NO;
				CLANG_CXX_LANGUAGE_STANDARD = "gnu++0x";
				CLANG_CXX_LIBRARY = "libc++";
				CLANG_ENABLE_MODULES = YES;
				CLANG_ENABLE_OBJC_ARC = YES;
				CLANG_WARN_BOOL_CONVERSION = YES;
				CLANG_WARN_CONSTANT_CONVERSION = YES;
				CLANG_WARN_DIRECT_OBJC_ISA_USAGE = YES_ERROR;
				CLANG_WARN_EMPTY_BODY = YES;
				CLANG_WARN_ENUM_CONVERSION = YES;
				CLANG_WARN_INT_CONVERSION = YES;
				CLANG_WARN_OBJC_ROOT_CLASS = YES_ERROR;
				CLANG_WARN_UNREACHABLE_CODE = YES;
				CLANG_WARN__DUPLICATE_METHOD_MATCH = YES;
				"CODE_SIGN_IDENTITY[sdk=iphoneos*]" = "iPhone Developer";
				COPY_PHASE_STRIP = NO;
				DEBUG_INFORMATION_FORMAT = "dwarf-with-dsym";
				ENABLE_NS_ASSERTIONS = NO;
				ENABLE_STRICT_OBJC_MSGSEND = YES;
				GCC_C_LANGUAGE_STANDARD = gnu99;
				GCC_NO_COMMON_BLOCKS = YES;
				GCC_WARN_64_TO_32_BIT_CONVERSION = YES;
				GCC_WARN_ABOUT_RETURN_TYPE = YES_ERROR;
				GCC_WARN_UNDECLARED_SELECTOR = YES;
				GCC_WARN_UNINITIALIZED_AUTOS = YES_AGGRESSIVE;
				GCC_WARN_UNUSED_FUNCTION = YES;
				GCC_WARN_UNUSED_VARIABLE = YES;
				IPHONEOS_DEPLOYMENT_TARGET = 9.2;
				MTL_ENABLE_DEBUG_INFO = NO;
				SDKROOT = iphoneos;
				VALIDATE_PRODUCT = YES;
			};
			name = Release;
		};
		268DBEA41C22A5940053AF88 /* Debug */ = {
			isa = XCBuildConfiguration;
			baseConfigurationReference = 6F6B0FC5C8B1E156789FFE81 /* Pods.debug.xcconfig */;
			buildSettings = {
				ASSETCATALOG_COMPILER_APPICON_NAME = AppIcon;
				INFOPLIST_FILE = FMDBTest/Info.plist;
				LD_RUNPATH_SEARCH_PATHS = "$(inherited) @executable_path/Frameworks";
				PRODUCT_BUNDLE_IDENTIFIER = com.vcyber.FMDBTest;
				PRODUCT_NAME = "$(TARGET_NAME)";
			};
			name = Debug;
		};
		268DBEA51C22A5940053AF88 /* Release */ = {
			isa = XCBuildConfiguration;
			baseConfigurationReference = CF021181823EB750229CADF9 /* Pods.release.xcconfig */;
			buildSettings = {
				ASSETCATALOG_COMPILER_APPICON_NAME = AppIcon;
				INFOPLIST_FILE = FMDBTest/Info.plist;
				LD_RUNPATH_SEARCH_PATHS = "$(inherited) @executable_path/Frameworks";
				PRODUCT_BUNDLE_IDENTIFIER = com.vcyber.FMDBTest;
				PRODUCT_NAME = "$(TARGET_NAME)";
			};
			name = Release;
		};
/* End XCBuildConfiguration section */

/* Begin XCConfigurationList section */
		268DBE871C22A5940053AF88 /* Build configuration list for PBXProject "FMDBTest" */ = {
			isa = XCConfigurationList;
			buildConfigurations = (
				268DBEA11C22A5940053AF88 /* Debug */,
				268DBEA21C22A5940053AF88 /* Release */,
			);
			defaultConfigurationIsVisible = 0;
			defaultConfigurationName = Release;
		};
		268DBEA31C22A5940053AF88 /* Build configuration list for PBXNativeTarget "FMDBTest" */ = {
			isa = XCConfigurationList;
			buildConfigurations = (
				268DBEA41C22A5940053AF88 /* Debug */,
				268DBEA51C22A5940053AF88 /* Release */,
			);
			defaultConfigurationIsVisible = 0;
			defaultConfigurationName = Release;
		};
/* End XCConfigurationList section */
	};
	rootObject = 268DBE841C22A5940053AF88 /* Project object */;
}
